dependencies:
  espressif/cmake_utilities:
    component_hash: 351350613ceafba240b761b4ea991e0f231ac7a9f59a9ee901f751bddc0bb18f
    dependencies:
    - name: idf
      require: private
      version: '>=4.1'
    source:
      registry_url: https://components.espressif.com/
      type: service
    version: 0.5.3
  espressif/esp_lcd_axs15231b:
    component_hash: 826e849e2c5f72cc69af9a7d8a3c5259bfdd4f653f996d2a7d2c8ee3a427b7c4
    dependencies:
    - name: espressif/esp_lcd_touch
      public: true
      version: ^1
    - name: idf
      version: '>=5.3'
    - name: espressif/cmake_utilities
      version: 0.*
    source:
      git: https://github.com/espressif/esp-iot-solution.git
      path: components/display/lcd/esp_lcd_axs15231b
      type: git
    version: e8ae944284047eb1a3a89e2538dd35f487396fa6
  espressif/esp_lcd_touch:
    component_hash: 3f85a7d95af876f1a6ecca8eb90a81614890d0f03a038390804e5a77e2caf862
    dependencies:
    - name: idf
      require: private
      version: '>=4.4.2'
    source:
      registry_url: https://components.espressif.com/
      type: service
    version: 1.2.1
  idf:
    source:
      type: idf
    version: 6.1.0
direct_dependencies:
- espressif/esp_lcd_axs15231b
manifest_hash: d84e82d4e79ba420ac3a5f1fe7d6b7845c5490be2097ef94d041a6e63ebaeeaa
target: esp32s3
version: 3.0.0
